
Microsoft Visual Studio Solution File, Format Version 12.00
# Visual Studio Version 17
VisualStudioVersion = 17.2.32526.322
MinimumVisualStudioVersion = 10.0.40219.1
Project("{FAE04EC0-301F-11D3-BF4B-00C04F79EFBC}") = "ConChanger", "ConChanger\ConChanger.csproj", "{295C77AB-CE3A-4E56-B7E8-FE89282DFC17}"
EndProject
Global
	GlobalSection(SolutionConfigurationPlatforms) = preSolution
		Debug|Any CPU = Debug|Any CPU
		Release|Any CPU = Release|Any CPU
	EndGlobalSection
	GlobalSection(ProjectConfigurationPlatforms) = postSolution
		{295C77AB-CE3A-4E56-B7E8-FE89282DFC17}.Debug|Any CPU.ActiveCfg = Debug|Any CPU
		{295C77AB-CE3A-4E56-B7E8-FE89282DFC17}.Debug|Any CPU.Build.0 = Debug|Any CPU
		{295C77AB-CE3A-4E56-B7E8-FE89282DFC17}.Release|Any CPU.ActiveCfg = Release|Any CPU
		{295C77AB-CE3A-4E56-B7E8-FE89282DFC17}.Release|Any CPU.Build.0 = Release|Any CPU
	EndGlobalSection
	GlobalSection(SolutionProperties) = preSolution
		HideSolutionNode = FALSE
	EndGlobalSection
	GlobalSection(ExtensibilityGlobals) = postSolution
		SolutionGuid = {B3ECDF4B-BE38-43CE-B42F-43D23D205450}
	EndGlobalSection
EndGlobal
